
Microsoft Visual Studio Solution File, Format Version 12.00
# Visual Studio Version 16
VisualStudioVersion = 16.0.30011.22
MinimumVisualStudioVersion = 10.0.40219.1
Project("{FAE04EC0-301F-11D3-BF4B-00C04F79EFBC}") = "PhotoAlbumWeb", "PhotoAlbumWeb\PhotoAlbumWeb.csproj", "{A5092DDB-3504-48FD-BEA5-F6065DC9B63C}"
EndProject
Global
	GlobalSection(SolutionConfigurationPlatforms) = preSolution
		Debug|Any CPU = Debug|Any CPU
		Release|Any CPU = Release|Any CPU
	EndGlobalSection
	GlobalSection(ProjectConfigurationPlatforms) = postSolution
		{A5092DDB-3504-48FD-BEA5-F6065DC9B63C}.Debug|Any CPU.ActiveCfg = Debug|Any CPU
		{A5092DDB-3504-48FD-BEA5-F6065DC9B63C}.Debug|Any CPU.Build.0 = Debug|Any CPU
		{A5092DDB-3504-48FD-BEA5-F6065DC9B63C}.Release|Any CPU.ActiveCfg = Release|Any CPU
		{A5092DDB-3504-48FD-BEA5-F6065DC9B63C}.Release|Any CPU.Build.0 = Release|Any CPU
	EndGlobalSection
	GlobalSection(SolutionProperties) = preSolution
		HideSolutionNode = FALSE
	EndGlobalSection
	GlobalSection(ExtensibilityGlobals) = postSolution
		SolutionGuid = {5D8792A5-330A-41C1-BA10-3A3375F58D4A}
	EndGlobalSection
EndGlobal
